{
  "name": "playwright",
  "version": "1.0.0",
  "lockfileVersion": 2,
  "requires": true,
  "packages": {
    "": {
      "name": "playwright",
      "version": "1.0.0",
      "license": "ISC",
      "dependencies": {
        "dotenv": "^16.0.3"
      },
      "devDependencies": {
        "@playwright/test": "^1.28.1",
        "allure-playwright": "^2.0.0-beta.20",
        "allure-service-client": "^1.0.2",
        "minimist": "^1.2.6",
        "xray-client": "^1.1.4"
      }
    },
    "node_modules/@playwright/test": {
      "version": "1.28.1",
      "resolved": "https://registry.npmjs.org/@playwright/test/-/test-1.28.1.tgz",
      "integrity": "sha512-xN6spdqrNlwSn9KabIhqfZR7IWjPpFK1835tFNgjrlysaSezuX8PYUwaz38V/yI8TJLG9PkAMEXoHRXYXlpTPQ==",
      "dev": true,
      "dependencies": {
        "@types/node": "*",
        "playwright-core": "1.28.1"
      },
      "bin": {
        "playwright": "cli.js"
      },
      "engines": {
        "node": ">=14"
      }
    },
    "node_modules/@types/node": {
      "version": "18.11.13",
      "resolved": "https://registry.npmjs.org/@types/node/-/node-18.11.13.tgz",
      "integrity": "sha512-IASpMGVcWpUsx5xBOrxMj7Bl8lqfuTY7FKAnPmu5cHkfQVWF8GulWS1jbRqA934qZL35xh5xN/+Xe/i26Bod4w==",
      "dev": true
    },
    "node_modules/allure-js-commons": {
      "version": "2.0.0-beta.20",
      "resolved": "https://registry.npmjs.org/allure-js-commons/-/allure-js-commons-2.0.0-beta.20.tgz",
      "integrity": "sha512-ZUSa75s1LEhoIOTgNJhB463t+GURPKkB92HNqSWvFImxU0SojdT7JbgaQ4Ku+qhY5VFMsWmZJt6TAYo5t7ZR4A==",
      "dev": true,
      "dependencies": {
        "mkdirp": "^1.0.4",
        "properties": "^1.2.1",
        "uuid": "^8.3.0"
      }
    },
    "node_modules/allure-playwright": {
      "version": "2.0.0-beta.20",
      "resolved": "https://registry.npmjs.org/allure-playwright/-/allure-playwright-2.0.0-beta.20.tgz",
      "integrity": "sha512-RELEsiK4b4h+K4E2GzYqp3yEOR4OA+gUQi/PInIFtaDPKG4BYo0b28iqox+xrDILNce7NhmMC8Q/uqBGl33B4w==",
      "dev": true,
      "dependencies": {
        "allure-js-commons": "2.0.0-beta.20"
      }
    },
    "node_modules/allure-service-client": {
      "version": "1.0.2",
      "resolved": "https://registry.npmjs.org/allure-service-client/-/allure-service-client-1.0.2.tgz",
      "integrity": "sha512-t/jYDzNxXHn+G5VSNoZezYVxSmlT4EWz3sWI1uN0XMgD+F4feCsunlDOAf7AuRsXgFdWNUJAQfYe3Movb48PqA==",
      "dev": true,
      "dependencies": {
        "axios": "^0.26.1"
      }
    },
    "node_modules/axios": {
      "version": "0.26.1",
      "resolved": "https://registry.npmjs.org/axios/-/axios-0.26.1.tgz",
      "integrity": "sha512-fPwcX4EvnSHuInCMItEhAGnaSEXRBjtzh9fOtsE6E1G6p7vl7edEeZe11QHf18+6+9gR5PbKV/sGKNaD8YaMeA==",
      "dev": true,
      "dependencies": {
        "follow-redirects": "^1.14.8"
      }
    },
    "node_modules/dotenv": {
      "version": "16.0.3",
      "resolved": "https://registry.npmjs.org/dotenv/-/dotenv-16.0.3.tgz",
      "integrity": "sha512-7GO6HghkA5fYG9TYnNxi14/7K9f5occMlp3zXAuSxn7CKCxt9xbNWG7yF8hTCSUchlfWSe3uLmlPfigevRItzQ==",
      "engines": {
        "node": ">=12"
      }
    },
    "node_modules/follow-redirects": {
      "version": "1.15.2",
      "resolved": "https://registry.npmjs.org/follow-redirects/-/follow-redirects-1.15.2.tgz",
      "integrity": "sha512-VQLG33o04KaQ8uYi2tVNbdrWp1QWxNNea+nmIB4EVM28v0hmP17z7aG1+wAkNzVq4KeXTq3221ye5qTJP91JwA==",
      "dev": true,
      "funding": [
        {
          "type": "individual",
          "url": "https://github.com/sponsors/RubenVerborgh"
        }
      ],
      "engines": {
        "node": ">=4.0"
      },
      "peerDependenciesMeta": {
        "debug": {
          "optional": true
        }
      }
    },
    "node_modules/minimist": {
      "version": "1.2.7",
      "resolved": "https://registry.npmjs.org/minimist/-/minimist-1.2.7.tgz",
      "integrity": "sha512-bzfL1YUZsP41gmu/qjrEk0Q6i2ix/cVeAhbCbqH9u3zYutS1cLg00qhrD0M2MVdCcx4Sc0UpP2eBWo9rotpq6g==",
      "dev": true,
      "funding": {
        "url": "https://github.com/sponsors/ljharb"
      }
    },
    "node_modules/mkdirp": {
      "version": "1.0.4",
      "resolved": "https://registry.npmjs.org/mkdirp/-/mkdirp-1.0.4.tgz",
      "integrity": "sha512-vVqVZQyf3WLx2Shd0qJ9xuvqgAyKPLAiqITEtqW0oIUjzo3PePDd6fW9iFz30ef7Ysp/oiWqbhszeGWW2T6Gzw==",
      "dev": true,
      "bin": {
        "mkdirp": "bin/cmd.js"
      },
      "engines": {
        "node": ">=10"
      }
    },
    "node_modules/playwright-core": {
      "version": "1.28.1",
      "resolved": "https://registry.npmjs.org/playwright-core/-/playwright-core-1.28.1.tgz",
      "integrity": "sha512-3PixLnGPno0E8rSBJjtwqTwJe3Yw72QwBBBxNoukIj3lEeBNXwbNiKrNuB1oyQgTBw5QHUhNO3SteEtHaMK6ag==",
      "dev": true,
      "bin": {
        "playwright": "cli.js"
      },
      "engines": {
        "node": ">=14"
      }
    },
    "node_modules/properties": {
      "version": "1.2.1",
      "resolved": "https://registry.npmjs.org/properties/-/properties-1.2.1.tgz",
      "integrity": "sha512-qYNxyMj1JeW54i/EWEFsM1cVwxJbtgPp8+0Wg9XjNaK6VE/c4oRi6PNu5p7w1mNXEIQIjV5Wwn8v8Gz82/QzdQ==",
      "dev": true,
      "engines": {
        "node": ">=0.10"
      }
    },
    "node_modules/sax": {
      "version": "1.2.4",
      "resolved": "https://registry.npmjs.org/sax/-/sax-1.2.4.tgz",
      "integrity": "sha512-NqVDv9TpANUjFm0N8uM5GxL36UgKi9/atZw+x7YFnQ8ckwFGKrl4xX4yWtrey3UJm5nP1kUbnYgLopqWNSRhWw==",
      "dev": true
    },
    "node_modules/uuid": {
      "version": "8.3.2",
      "resolved": "https://registry.npmjs.org/uuid/-/uuid-8.3.2.tgz",
      "integrity": "sha512-+NYs2QeMWy+GWFOEm9xnn6HCDp0l7QBD7ml8zLUmJ+93Q5NF0NocErnwkTkXVFNiX3/fpC6afS8Dhb/gz7R7eg==",
      "dev": true,
      "bin": {
        "uuid": "dist/bin/uuid"
      }
    },
    "node_modules/xml-js": {
      "version": "1.6.11",
      "resolved": "https://registry.npmjs.org/xml-js/-/xml-js-1.6.11.tgz",
      "integrity": "sha512-7rVi2KMfwfWFl+GpPg6m80IVMWXLRjO+PxTq7V2CDhoGak0wzYzFgUY2m4XJ47OGdXd8eLE8EmwfAmdjw7lC1g==",
      "dev": true,
      "dependencies": {
        "sax": "^1.2.4"
      },
      "bin": {
        "xml-js": "bin/cli.js"
      }
    },
    "node_modules/xray-client": {
      "version": "1.1.4",
      "resolved": "https://registry.npmjs.org/xray-client/-/xray-client-1.1.4.tgz",
      "integrity": "sha512-U+LwXy/svu+d8iv9Kd/+E4lX9gSkNnp04c40ldGAXTOK58jIfV5sp1a7fxswo7q3je8pZetFLiZptHpcaauTaQ==",
      "dev": true,
      "dependencies": {
        "axios": "^0.26.1",
        "xml-js": "^1.6.11"
      }
    }
  },
  "dependencies": {
    "@playwright/test": {
      "version": "1.28.1",
      "resolved": "https://registry.npmjs.org/@playwright/test/-/test-1.28.1.tgz",
      "integrity": "sha512-xN6spdqrNlwSn9KabIhqfZR7IWjPpFK1835tFNgjrlysaSezuX8PYUwaz38V/yI8TJLG9PkAMEXoHRXYXlpTPQ==",
      "dev": true,
      "requires": {
        "@types/node": "*",
        "playwright-core": "1.28.1"
      }
    },
    "@types/node": {
      "version": "18.11.13",
      "resolved": "https://registry.npmjs.org/@types/node/-/node-18.11.13.tgz",
      "integrity": "sha512-IASpMGVcWpUsx5xBOrxMj7Bl8lqfuTY7FKAnPmu5cHkfQVWF8GulWS1jbRqA934qZL35xh5xN/+Xe/i26Bod4w==",
      "dev": true
    },
    "allure-js-commons": {
      "version": "2.0.0-beta.20",
      "resolved": "https://registry.npmjs.org/allure-js-commons/-/allure-js-commons-2.0.0-beta.20.tgz",
      "integrity": "sha512-ZUSa75s1LEhoIOTgNJhB463t+GURPKkB92HNqSWvFImxU0SojdT7JbgaQ4Ku+qhY5VFMsWmZJt6TAYo5t7ZR4A==",
      "dev": true,
      "requires": {
        "mkdirp": "^1.0.4",
        "properties": "^1.2.1",
        "uuid": "^8.3.0"
      }
    },
    "allure-playwright": {
      "version": "2.0.0-beta.20",
      "resolved": "https://registry.npmjs.org/allure-playwright/-/allure-playwright-2.0.0-beta.20.tgz",
      "integrity": "sha512-RELEsiK4b4h+K4E2GzYqp3yEOR4OA+gUQi/PInIFtaDPKG4BYo0b28iqox+xrDILNce7NhmMC8Q/uqBGl33B4w==",
      "dev": true,
      "requires": {
        "allure-js-commons": "2.0.0-beta.20"
      }
    },
    "allure-service-client": {
      "version": "1.0.2",
      "resolved": "https://registry.npmjs.org/allure-service-client/-/allure-service-client-1.0.2.tgz",
      "integrity": "sha512-t/jYDzNxXHn+G5VSNoZezYVxSmlT4EWz3sWI1uN0XMgD+F4feCsunlDOAf7AuRsXgFdWNUJAQfYe3Movb48PqA==",
      "dev": true,
      "requires": {
        "axios": "^0.26.1"
      }
    },
    "axios": {
      "version": "0.26.1",
      "resolved": "https://registry.npmjs.org/axios/-/axios-0.26.1.tgz",
      "integrity": "sha512-fPwcX4EvnSHuInCMItEhAGnaSEXRBjtzh9fOtsE6E1G6p7vl7edEeZe11QHf18+6+9gR5PbKV/sGKNaD8YaMeA==",
      "dev": true,
      "requires": {
        "follow-redirects": "^1.14.8"
      }
    },
    "dotenv": {
      "version": "16.0.3",
      "resolved": "https://registry.npmjs.org/dotenv/-/dotenv-16.0.3.tgz",
      "integrity": "sha512-7GO6HghkA5fYG9TYnNxi14/7K9f5occMlp3zXAuSxn7CKCxt9xbNWG7yF8hTCSUchlfWSe3uLmlPfigevRItzQ=="
    },
    "follow-redirects": {
      "version": "1.15.2",
      "resolved": "https://registry.npmjs.org/follow-redirects/-/follow-redirects-1.15.2.tgz",
      "integrity": "sha512-VQLG33o04KaQ8uYi2tVNbdrWp1QWxNNea+nmIB4EVM28v0hmP17z7aG1+wAkNzVq4KeXTq3221ye5qTJP91JwA==",
      "dev": true
    },
    "minimist": {
      "version": "1.2.7",
      "resolved": "https://registry.npmjs.org/minimist/-/minimist-1.2.7.tgz",
      "integrity": "sha512-bzfL1YUZsP41gmu/qjrEk0Q6i2ix/cVeAhbCbqH9u3zYutS1cLg00qhrD0M2MVdCcx4Sc0UpP2eBWo9rotpq6g==",
      "dev": true
    },
    "mkdirp": {
      "version": "1.0.4",
      "resolved": "https://registry.npmjs.org/mkdirp/-/mkdirp-1.0.4.tgz",
      "integrity": "sha512-vVqVZQyf3WLx2Shd0qJ9xuvqgAyKPLAiqITEtqW0oIUjzo3PePDd6fW9iFz30ef7Ysp/oiWqbhszeGWW2T6Gzw==",
      "dev": true
    },
    "playwright-core": {
      "version": "1.28.1",
      "resolved": "https://registry.npmjs.org/playwright-core/-/playwright-core-1.28.1.tgz",
      "integrity": "sha512-3PixLnGPno0E8rSBJjtwqTwJe3Yw72QwBBBxNoukIj3lEeBNXwbNiKrNuB1oyQgTBw5QHUhNO3SteEtHaMK6ag==",
      "dev": true
    },
    "properties": {
      "version": "1.2.1",
      "resolved": "https://registry.npmjs.org/properties/-/properties-1.2.1.tgz",
      "integrity": "sha512-qYNxyMj1JeW54i/EWEFsM1cVwxJbtgPp8+0Wg9XjNaK6VE/c4oRi6PNu5p7w1mNXEIQIjV5Wwn8v8Gz82/QzdQ==",
      "dev": true
    },
    "sax": {
      "version": "1.2.4",
      "resolved": "https://registry.npmjs.org/sax/-/sax-1.2.4.tgz",
      "integrity": "sha512-NqVDv9TpANUjFm0N8uM5GxL36UgKi9/atZw+x7YFnQ8ckwFGKrl4xX4yWtrey3UJm5nP1kUbnYgLopqWNSRhWw==",
      "dev": true
    },
    "uuid": {
      "version": "8.3.2",
      "resolved": "https://registry.npmjs.org/uuid/-/uuid-8.3.2.tgz",
      "integrity": "sha512-+NYs2QeMWy+GWFOEm9xnn6HCDp0l7QBD7ml8zLUmJ+93Q5NF0NocErnwkTkXVFNiX3/fpC6afS8Dhb/gz7R7eg==",
      "dev": true
    },
    "xml-js": {
      "version": "1.6.11",
      "resolved": "https://registry.npmjs.org/xml-js/-/xml-js-1.6.11.tgz",
      "integrity": "sha512-7rVi2KMfwfWFl+GpPg6m80IVMWXLRjO+PxTq7V2CDhoGak0wzYzFgUY2m4XJ47OGdXd8eLE8EmwfAmdjw7lC1g==",
      "dev": true,
      "requires": {
        "sax": "^1.2.4"
      }
    },
    "xray-client": {
      "version": "1.1.4",
      "resolved": "https://registry.npmjs.org/xray-client/-/xray-client-1.1.4.tgz",
      "integrity": "sha512-U+LwXy/svu+d8iv9Kd/+E4lX9gSkNnp04c40ldGAXTOK58jIfV5sp1a7fxswo7q3je8pZetFLiZptHpcaauTaQ==",
      "dev": true,
      "requires": {
        "axios": "^0.26.1",
        "xml-js": "^1.6.11"
      }
    }
  }
}
